<?xml version="1.0" encoding="utf-8"?>
<Project ToolsVersion="17.0" xmlns="http://schemas.microsoft.com/developer/msbuild/2003">
  <ItemGroup>
    <CustomBuild Include="C:\Users\memeo\Desktop\c++\Mygame\CMakeFiles\568af1e5f77a780c24847d429e4bedd5\INSTALL_force.rule">
      <Filter>CMake Rules</Filter>
    </CustomBuild>
  </ItemGroup>
  <ItemGroup>
    <Filter Include="CMake Rules">
      <UniqueIdentifier>{2F8D9219-0C86-30B6-9E12-4ECC95C13774}</UniqueIdentifier>
    </Filter>
  </ItemGroup>
</Project>
